
Microsoft Visual Studio Solution File, Format Version 12.00
# Visual Studio Version 16
VisualStudioVersion = 16.0.29728.190
MinimumVisualStudioVersion = 10.0.40219.1
Project("{FAE04EC0-301F-11D3-BF4B-00C04F79EFBC}") = "lab_4", "lab_4\lab_4.csproj", "{3691ACED-E357-46F9-8A68-532EAF21E926}"
EndProject
Project("{FAE04EC0-301F-11D3-BF4B-00C04F79EFBC}") = "lab_4 part b", "lab_4 part b\lab_4 part b.csproj", "{67DC1B29-103D-4419-A9DC-2A84E63112A4}"
EndProject
Global
	GlobalSection(SolutionConfigurationPlatforms) = preSolution
		Debug|Any CPU = Debug|Any CPU
		Release|Any CPU = Release|Any CPU
	EndGlobalSection
	GlobalSection(ProjectConfigurationPlatforms) = postSolution
		{3691ACED-E357-46F9-8A68-532EAF21E926}.Debug|Any CPU.ActiveCfg = Debug|Any CPU
		{3691ACED-E357-46F9-8A68-532EAF21E926}.Debug|Any CPU.Build.0 = Debug|Any CPU
		{3691ACED-E357-46F9-8A68-532EAF21E926}.Release|Any CPU.ActiveCfg = Release|Any CPU
		{3691ACED-E357-46F9-8A68-532EAF21E926}.Release|Any CPU.Build.0 = Release|Any CPU
		{67DC1B29-103D-4419-A9DC-2A84E63112A4}.Debug|Any CPU.ActiveCfg = Debug|Any CPU
		{67DC1B29-103D-4419-A9DC-2A84E63112A4}.Debug|Any CPU.Build.0 = Debug|Any CPU
		{67DC1B29-103D-4419-A9DC-2A84E63112A4}.Release|Any CPU.ActiveCfg = Release|Any CPU
		{67DC1B29-103D-4419-A9DC-2A84E63112A4}.Release|Any CPU.Build.0 = Release|Any CPU
	EndGlobalSection
	GlobalSection(SolutionProperties) = preSolution
		HideSolutionNode = FALSE
	EndGlobalSection
	GlobalSection(ExtensibilityGlobals) = postSolution
		SolutionGuid = {2907AA21-1FF6-4218-8F90-FD16DAEB56C1}
	EndGlobalSection
EndGlobal
