
Microsoft Visual Studio Solution File, Format Version 12.00
# Visual Studio Version 16
VisualStudioVersion = 16.0.29728.190
MinimumVisualStudioVersion = 10.0.40219.1
Project("{FAE04EC0-301F-11D3-BF4B-00C04F79EFBC}") = "Database assignment", "Database assignment\Database assignment.csproj", "{05602B08-6178-497D-8892-4CD398F3FACE}"
EndProject
Global
	GlobalSection(SolutionConfigurationPlatforms) = preSolution
		Debug|Any CPU = Debug|Any CPU
		Release|Any CPU = Release|Any CPU
	EndGlobalSection
	GlobalSection(ProjectConfigurationPlatforms) = postSolution
		{05602B08-6178-497D-8892-4CD398F3FACE}.Debug|Any CPU.ActiveCfg = Debug|Any CPU
		{05602B08-6178-497D-8892-4CD398F3FACE}.Debug|Any CPU.Build.0 = Debug|Any CPU
		{05602B08-6178-497D-8892-4CD398F3FACE}.Release|Any CPU.ActiveCfg = Release|Any CPU
		{05602B08-6178-497D-8892-4CD398F3FACE}.Release|Any CPU.Build.0 = Release|Any CPU
	EndGlobalSection
	GlobalSection(SolutionProperties) = preSolution
		HideSolutionNode = FALSE
	EndGlobalSection
	GlobalSection(ExtensibilityGlobals) = postSolution
		SolutionGuid = {2907AA21-1FF6-4218-8F90-FD16DAEB56C1}
	EndGlobalSection
EndGlobal
